
Microsoft Visual Studio Solution File, Format Version 12.00
# Visual Studio 15
VisualStudioVersion = 15.0.27703.2042
MinimumVisualStudioVersion = 10.0.40219.1
Project("{FAE04EC0-301F-11D3-BF4B-00C04F79EFBC}") = "kararVermeTeknikleriDersiProjesi", "kararVermeTeknikleriDersiProjesi\kararVermeTeknikleriDersiProjesi.csproj", "{B70E12B1-4C0B-4C99-BF29-9FA4EC8B0F88}"
EndProject
Global
	GlobalSection(SolutionConfigurationPlatforms) = preSolution
		Debug|Any CPU = Debug|Any CPU
		Release|Any CPU = Release|Any CPU
	EndGlobalSection
	GlobalSection(ProjectConfigurationPlatforms) = postSolution
		{B70E12B1-4C0B-4C99-BF29-9FA4EC8B0F88}.Debug|Any CPU.ActiveCfg = Debug|Any CPU
		{B70E12B1-4C0B-4C99-BF29-9FA4EC8B0F88}.Debug|Any CPU.Build.0 = Debug|Any CPU
		{B70E12B1-4C0B-4C99-BF29-9FA4EC8B0F88}.Release|Any CPU.ActiveCfg = Release|Any CPU
		{B70E12B1-4C0B-4C99-BF29-9FA4EC8B0F88}.Release|Any CPU.Build.0 = Release|Any CPU
	EndGlobalSection
	GlobalSection(SolutionProperties) = preSolution
		HideSolutionNode = FALSE
	EndGlobalSection
	GlobalSection(ExtensibilityGlobals) = postSolution
		SolutionGuid = {690478C4-24CD-4C0C-BC4C-3964E77D1134}
	EndGlobalSection
EndGlobal
